// !$*UTF8*$!
{
	archiveVersion = 1;
	classes = {
	};
	objectVersion = 56;
	objects = {

/* Begin PBXBuildFile section */
		991134442BB41BBC0031E9B2 /* BriefPagingControl in Frameworks */ = {isa = PBXBuildFile; productRef = 991134432BB41BBC0031E9B2 /* BriefPagingControl */; };
		9911344D2BB4AE150031E9B2 /* ProfileView.swift in Sources */ = {isa = PBXBuildFile; fileRef = 9911344C2BB4AE150031E9B2 /* ProfileView.swift */; };
		9911344F2BB4AE580031E9B2 /* CommentSheetView.swift in Sources */ = {isa = PBXBuildFile; fileRef = 9911344E2BB4AE580031E9B2 /* CommentSheetView.swift */; };
		991134512BB4AE6B0031E9B2 /* ShareSheetView.swift in Sources */ = {isa = PBXBuildFile; fileRef = 991134502BB4AE6B0031E9B2 /* ShareSheetView.swift */; };
		991134532BB4AE7C0031E9B2 /* SettingSheetView.swift in Sources */ = {isa = PBXBuildFile; fileRef = 991134522BB4AE7C0031E9B2 /* SettingSheetView.swift */; };
		991134552BB4AE850031E9B2 /* SaveSheetView.swift in Sources */ = {isa = PBXBuildFile; fileRef = 991134542BB4AE850031E9B2 /* SaveSheetView.swift */; };
		991134572BBB3CA70031E9B2 /* ProfileTextView.swift in Sources */ = {isa = PBXBuildFile; fileRef = 991134562BBB3CA70031E9B2 /* ProfileTextView.swift */; };
		991134592BBC00520031E9B2 /* ProfileFeedPreView.swift in Sources */ = {isa = PBXBuildFile; fileRef = 991134582BBC00520031E9B2 /* ProfileFeedPreView.swift */; };
		9911345B2BBF247D0031E9B2 /* ProfileCategoryView.swift in Sources */ = {isa = PBXBuildFile; fileRef = 9911345A2BBF247D0031E9B2 /* ProfileCategoryView.swift */; };
		9911345D2BC0116D0031E9B2 /* FollowAddView.swift in Sources */ = {isa = PBXBuildFile; fileRef = 9911345C2BC0116D0031E9B2 /* FollowAddView.swift */; };
		9911345F2BC0128F0031E9B2 /* FollowAddCell.swift in Sources */ = {isa = PBXBuildFile; fileRef = 9911345E2BC0128F0031E9B2 /* FollowAddCell.swift */; };
		991D34542B8B54CF00810D21 /* InstagramCloneInSwiftUIApp.swift in Sources */ = {isa = PBXBuildFile; fileRef = 991D34532B8B54CF00810D21 /* InstagramCloneInSwiftUIApp.swift */; };
		991D34582B8B54D100810D21 /* Assets.xcassets in Resources */ = {isa = PBXBuildFile; fileRef = 991D34572B8B54D100810D21 /* Assets.xcassets */; };
		991D345B2B8B54D100810D21 /* Preview Assets.xcassets in Resources */ = {isa = PBXBuildFile; fileRef = 991D345A2B8B54D100810D21 /* Preview Assets.xcassets */; };
		991D34642B8B552000810D21 /* LoginView.swift in Sources */ = {isa = PBXBuildFile; fileRef = 991D34632B8B552000810D21 /* LoginView.swift */; };
		991D34672B8B5C5C00810D21 /* ColorExtension.swift in Sources */ = {isa = PBXBuildFile; fileRef = 991D34662B8B5C5C00810D21 /* ColorExtension.swift */; };
		999CCF372B9F80EE005E179D /* User.swift in Sources */ = {isa = PBXBuildFile; fileRef = 999CCF362B9F80EE005E179D /* User.swift */; };
		999CCF3B2B9F81A2005E179D /* MainTabView.swift in Sources */ = {isa = PBXBuildFile; fileRef = 999CCF3A2B9F81A2005E179D /* MainTabView.swift */; };
		999CCF3D2B9F81B8005E179D /* MainView.swift in Sources */ = {isa = PBXBuildFile; fileRef = 999CCF3C2B9F81B8005E179D /* MainView.swift */; };
		999CCF3F2B9F81CC005E179D /* StoryView.swift in Sources */ = {isa = PBXBuildFile; fileRef = 999CCF3E2B9F81CC005E179D /* StoryView.swift */; };
		999CCF412B9F81E8005E179D /* StoryCell.swift in Sources */ = {isa = PBXBuildFile; fileRef = 999CCF402B9F81E8005E179D /* StoryCell.swift */; };
		999CCF432B9F81F6005E179D /* FeedView.swift in Sources */ = {isa = PBXBuildFile; fileRef = 999CCF422B9F81F6005E179D /* FeedView.swift */; };
		999CCF452B9F8233005E179D /* FeedCell.swift in Sources */ = {isa = PBXBuildFile; fileRef = 999CCF442B9F8233005E179D /* FeedCell.swift */; };
		99A3F5402BA034410093837C /* Kingfisher in Frameworks */ = {isa = PBXBuildFile; productRef = 99A3F53F2BA034410093837C /* Kingfisher */; };
		99A3F5422BA0346D0093837C /* URLImage.swift in Sources */ = {isa = PBXBuildFile; fileRef = 99A3F5412BA0346D0093837C /* URLImage.swift */; };
		99B3473A2BA8370600610574 /* UserStore.swift in Sources */ = {isa = PBXBuildFile; fileRef = 99B347392BA8370600610574 /* UserStore.swift */; };
		99B3473C2BA8379B00610574 /* FeedStore.swift in Sources */ = {isa = PBXBuildFile; fileRef = 99B3473B2BA8379B00610574 /* FeedStore.swift */; };
		99B3473E2BA838F100610574 /* Feed.swift in Sources */ = {isa = PBXBuildFile; fileRef = 99B3473D2BA838F100610574 /* Feed.swift */; };
		99B347482BADAB1800610574 /* CustomDetent.swift in Sources */ = {isa = PBXBuildFile; fileRef = 99B347472BADAB1800610574 /* CustomDetent.swift */; };
		99B3474A2BADAF9100610574 /* Story.swift in Sources */ = {isa = PBXBuildFile; fileRef = 99B347492BADAF9100610574 /* Story.swift */; };
		99B3474C2BADAFE600610574 /* StoryStore.swift in Sources */ = {isa = PBXBuildFile; fileRef = 99B3474B2BADAFE600610574 /* StoryStore.swift */; };
/* End PBXBuildFile section */

/* Begin PBXFileReference section */
		9911344C2BB4AE150031E9B2 /* ProfileView.swift */ = {isa = PBXFileReference; lastKnownFileType = sourcecode.swift; path = ProfileView.swift; sourceTree = "<group>"; };
		9911344E2BB4AE580031E9B2 /* CommentSheetView.swift */ = {isa = PBXFileReference; lastKnownFileType = sourcecode.swift; path = CommentSheetView.swift; sourceTree = "<group>"; };
		991134502BB4AE6B0031E9B2 /* ShareSheetView.swift */ = {isa = PBXFileReference; lastKnownFileType = sourcecode.swift; path = ShareSheetView.swift; sourceTree = "<group>"; };
		991134522BB4AE7C0031E9B2 /* SettingSheetView.swift */ = {isa = PBXFileReference; lastKnownFileType = sourcecode.swift; path = SettingSheetView.swift; sourceTree = "<group>"; };
		991134542BB4AE850031E9B2 /* SaveSheetView.swift */ = {isa = PBXFileReference; lastKnownFileType = sourcecode.swift; path = SaveSheetView.swift; sourceTree = "<group>"; };
		991134562BBB3CA70031E9B2 /* ProfileTextView.swift */ = {isa = PBXFileReference; lastKnownFileType = sourcecode.swift; path = ProfileTextView.swift; sourceTree = "<group>"; };
		991134582BBC00520031E9B2 /* ProfileFeedPreView.swift */ = {isa = PBXFileReference; lastKnownFileType = sourcecode.swift; path = ProfileFeedPreView.swift; sourceTree = "<group>"; };
		9911345A2BBF247D0031E9B2 /* ProfileCategoryView.swift */ = {isa = PBXFileReference; lastKnownFileType = sourcecode.swift; path = ProfileCategoryView.swift; sourceTree = "<group>"; };
		9911345C2BC0116D0031E9B2 /* FollowAddView.swift */ = {isa = PBXFileReference; lastKnownFileType = sourcecode.swift; path = FollowAddView.swift; sourceTree = "<group>"; };
		9911345E2BC0128F0031E9B2 /* FollowAddCell.swift */ = {isa = PBXFileReference; lastKnownFileType = sourcecode.swift; path = FollowAddCell.swift; sourceTree = "<group>"; };
		991D34502B8B54CF00810D21 /* InstagramCloneInSwiftUI.app */ = {isa = PBXFileReference; explicitFileType = wrapper.application; includeInIndex = 0; path = InstagramCloneInSwiftUI.app; sourceTree = BUILT_PRODUCTS_DIR; };
		991D34532B8B54CF00810D21 /* InstagramCloneInSwiftUIApp.swift */ = {isa = PBXFileReference; lastKnownFileType = sourcecode.swift; path = InstagramCloneInSwiftUIApp.swift; sourceTree = "<group>"; };
		991D34572B8B54D100810D21 /* Assets.xcassets */ = {isa = PBXFileReference; lastKnownFileType = folder.assetcatalog; path = Assets.xcassets; sourceTree = "<group>"; };
		991D345A2B8B54D100810D21 /* Preview Assets.xcassets */ = {isa = PBXFileReference; lastKnownFileType = folder.assetcatalog; path = "Preview Assets.xcassets"; sourceTree = "<group>"; };
		991D34632B8B552000810D21 /* LoginView.swift */ = {isa = PBXFileReference; lastKnownFileType = sourcecode.swift; path = LoginView.swift; sourceTree = "<group>"; };
		991D34662B8B5C5C00810D21 /* ColorExtension.swift */ = {isa = PBXFileReference; lastKnownFileType = sourcecode.swift; path = ColorExtension.swift; sourceTree = "<group>"; };
		999CCF362B9F80EE005E179D /* User.swift */ = {isa = PBXFileReference; lastKnownFileType = sourcecode.swift; path = User.swift; sourceTree = "<group>"; };
		999CCF3A2B9F81A2005E179D /* MainTabView.swift */ = {isa = PBXFileReference; lastKnownFileType = sourcecode.swift; path = MainTabView.swift; sourceTree = "<group>"; };
		999CCF3C2B9F81B8005E179D /* MainView.swift */ = {isa = PBXFileReference; lastKnownFileType = sourcecode.swift; path = MainView.swift; sourceTree = "<group>"; };
		999CCF3E2B9F81CC005E179D /* StoryView.swift */ = {isa = PBXFileReference; lastKnownFileType = sourcecode.swift; path = StoryView.swift; sourceTree = "<group>"; };
		999CCF402B9F81E8005E179D /* StoryCell.swift */ = {isa = PBXFileReference; lastKnownFileType = sourcecode.swift; path = StoryCell.swift; sourceTree = "<group>"; };
		999CCF422B9F81F6005E179D /* FeedView.swift */ = {isa = PBXFileReference; lastKnownFileType = sourcecode.swift; path = FeedView.swift; sourceTree = "<group>"; };
		999CCF442B9F8233005E179D /* FeedCell.swift */ = {isa = PBXFileReference; lastKnownFileType = sourcecode.swift; path = FeedCell.swift; sourceTree = "<group>"; };
		99A3F5412BA0346D0093837C /* URLImage.swift */ = {isa = PBXFileReference; lastKnownFileType = sourcecode.swift; path = URLImage.swift; sourceTree = "<group>"; };
		99B347392BA8370600610574 /* UserStore.swift */ = {isa = PBXFileReference; lastKnownFileType = sourcecode.swift; path = UserStore.swift; sourceTree = "<group>"; };
		99B3473B2BA8379B00610574 /* FeedStore.swift */ = {isa = PBXFileReference; lastKnownFileType = sourcecode.swift; path = FeedStore.swift; sourceTree = "<group>"; };
		99B3473D2BA838F100610574 /* Feed.swift */ = {isa = PBXFileReference; lastKnownFileType = sourcecode.swift; path = Feed.swift; sourceTree = "<group>"; };
		99B347472BADAB1800610574 /* CustomDetent.swift */ = {isa = PBXFileReference; lastKnownFileType = sourcecode.swift; path = CustomDetent.swift; sourceTree = "<group>"; };
		99B347492BADAF9100610574 /* Story.swift */ = {isa = PBXFileReference; lastKnownFileType = sourcecode.swift; path = Story.swift; sourceTree = "<group>"; };
		99B3474B2BADAFE600610574 /* StoryStore.swift */ = {isa = PBXFileReference; lastKnownFileType = sourcecode.swift; path = StoryStore.swift; sourceTree = "<group>"; };
/* End PBXFileReference section */

/* Begin PBXFrameworksBuildPhase section */
		991D344D2B8B54CF00810D21 /* Frameworks */ = {
			isa = PBXFrameworksBuildPhase;
			buildActionMask = 2147483647;
			files = (
				99A3F5402BA034410093837C /* Kingfisher in Frameworks */,
				991134442BB41BBC0031E9B2 /* BriefPagingControl in Frameworks */,
			);
			runOnlyForDeploymentPostprocessing = 0;
		};
/* End PBXFrameworksBuildPhase section */

/* Begin PBXGroup section */
		9911344B2BB4ADEB0031E9B2 /* ProfileView */ = {
			isa = PBXGroup;
			children = (
				9911344C2BB4AE150031E9B2 /* ProfileView.swift */,
				991134562BBB3CA70031E9B2 /* ProfileTextView.swift */,
				991134582BBC00520031E9B2 /* ProfileFeedPreView.swift */,
				9911345A2BBF247D0031E9B2 /* ProfileCategoryView.swift */,
				9911345C2BC0116D0031E9B2 /* FollowAddView.swift */,
				9911345E2BC0128F0031E9B2 /* FollowAddCell.swift */,
			);
			path = ProfileView;
			sourceTree = "<group>";
		};
		991D34472B8B54CF00810D21 = {
			isa = PBXGroup;
			children = (
				991D34522B8B54CF00810D21 /* InstagramCloneInSwiftUI */,
				991D34512B8B54CF00810D21 /* Products */,
			);
			sourceTree = "<group>";
		};
		991D34512B8B54CF00810D21 /* Products */ = {
			isa = PBXGroup;
			children = (
				991D34502B8B54CF00810D21 /* InstagramCloneInSwiftUI.app */,
			);
			name = Products;
			sourceTree = "<group>";
		};
		991D34522B8B54CF00810D21 /* InstagramCloneInSwiftUI */ = {
			isa = PBXGroup;
			children = (
				991D34532B8B54CF00810D21 /* InstagramCloneInSwiftUIApp.swift */,
				991D34652B8B5C3800810D21 /* Extensions */,
				999CCF2F2B9F7F96005E179D /* Model */,
				99B347382BA836E300610574 /* ViewModel */,
				991D34612B8B54EC00810D21 /* View */,
				991D34572B8B54D100810D21 /* Assets.xcassets */,
				991D34592B8B54D100810D21 /* Preview Content */,
			);
			path = InstagramCloneInSwiftUI;
			sourceTree = "<group>";
		};
		991D34592B8B54D100810D21 /* Preview Content */ = {
			isa = PBXGroup;
			children = (
				991D345A2B8B54D100810D21 /* Preview Assets.xcassets */,
			);
			path = "Preview Content";
			sourceTree = "<group>";
		};
		991D34612B8B54EC00810D21 /* View */ = {
			isa = PBXGroup;
			children = (
				999CCF392B9F80FD005E179D /* MainView */,
				9911344B2BB4ADEB0031E9B2 /* ProfileView */,
				999CCF382B9F80F9005E179D /* TabView */,
				991D34622B8B550800810D21 /* StartingView */,
			);
			path = View;
			sourceTree = "<group>";
		};
		991D34622B8B550800810D21 /* StartingView */ = {
			isa = PBXGroup;
			children = (
				991D34632B8B552000810D21 /* LoginView.swift */,
			);
			path = StartingView;
			sourceTree = "<group>";
		};
		991D34652B8B5C3800810D21 /* Extensions */ = {
			isa = PBXGroup;
			children = (
				991D34662B8B5C5C00810D21 /* ColorExtension.swift */,
			);
			path = Extensions;
			sourceTree = "<group>";
		};
		999CCF2F2B9F7F96005E179D /* Model */ = {
			isa = PBXGroup;
			children = (
				999CCF362B9F80EE005E179D /* User.swift */,
				99B3473D2BA838F100610574 /* Feed.swift */,
				99B347492BADAF9100610574 /* Story.swift */,
				99A3F5412BA0346D0093837C /* URLImage.swift */,
				99B347472BADAB1800610574 /* CustomDetent.swift */,
			);
			path = Model;
			sourceTree = "<group>";
		};
		999CCF382B9F80F9005E179D /* TabView */ = {
			isa = PBXGroup;
			children = (
				999CCF3A2B9F81A2005E179D /* MainTabView.swift */,
			);
			path = TabView;
			sourceTree = "<group>";
		};
		999CCF392B9F80FD005E179D /* MainView */ = {
			isa = PBXGroup;
			children = (
				999CCF3C2B9F81B8005E179D /* MainView.swift */,
				999CCF3E2B9F81CC005E179D /* StoryView.swift */,
				999CCF402B9F81E8005E179D /* StoryCell.swift */,
				999CCF422B9F81F6005E179D /* FeedView.swift */,
				999CCF442B9F8233005E179D /* FeedCell.swift */,
				9911344E2BB4AE580031E9B2 /* CommentSheetView.swift */,
				991134502BB4AE6B0031E9B2 /* ShareSheetView.swift */,
				991134522BB4AE7C0031E9B2 /* SettingSheetView.swift */,
				991134542BB4AE850031E9B2 /* SaveSheetView.swift */,
			);
			path = MainView;
			sourceTree = "<group>";
		};
		99B347382BA836E300610574 /* ViewModel */ = {
			isa = PBXGroup;
			children = (
				99B347392BA8370600610574 /* UserStore.swift */,
				99B3473B2BA8379B00610574 /* FeedStore.swift */,
				99B3474B2BADAFE600610574 /* StoryStore.swift */,
			);
			path = ViewModel;
			sourceTree = "<group>";
		};
/* End PBXGroup section */

/* Begin PBXNativeTarget section */
		991D344F2B8B54CF00810D21 /* InstagramCloneInSwiftUI */ = {
			isa = PBXNativeTarget;
			buildConfigurationList = 991D345E2B8B54D100810D21 /* Build configuration list for PBXNativeTarget "InstagramCloneInSwiftUI" */;
			buildPhases = (
				991D344C2B8B54CF00810D21 /* Sources */,
				991D344D2B8B54CF00810D21 /* Frameworks */,
				991D344E2B8B54CF00810D21 /* Resources */,
			);
			buildRules = (
			);
			dependencies = (
			);
			name = InstagramCloneInSwiftUI;
			packageProductDependencies = (
				99A3F53F2BA034410093837C /* Kingfisher */,
				991134432BB41BBC0031E9B2 /* BriefPagingControl */,
			);
			productName = InstargramCloneInSwiftUI;
			productReference = 991D34502B8B54CF00810D21 /* InstagramCloneInSwiftUI.app */;
			productType = "com.apple.product-type.application";
		};
/* End PBXNativeTarget section */

/* Begin PBXProject section */
		991D34482B8B54CF00810D21 /* Project object */ = {
			isa = PBXProject;
			attributes = {
				BuildIndependentTargetsInParallel = 1;
				LastSwiftUpdateCheck = 1520;
				LastUpgradeCheck = 1520;
				TargetAttributes = {
					991D344F2B8B54CF00810D21 = {
						CreatedOnToolsVersion = 15.2;
					};
				};
			};
			buildConfigurationList = 991D344B2B8B54CF00810D21 /* Build configuration list for PBXProject "InstagramCloneInSwiftUI" */;
			compatibilityVersion = "Xcode 14.0";
			developmentRegion = en;
			hasScannedForEncodings = 0;
			knownRegions = (
				en,
				Base,
			);
			mainGroup = 991D34472B8B54CF00810D21;
			packageReferences = (
				99A3F53E2BA034410093837C /* XCRemoteSwiftPackageReference "Kingfisher" */,
				991134422BB41BBC0031E9B2 /* XCRemoteSwiftPackageReference "BriefPagingControl" */,
			);
			productRefGroup = 991D34512B8B54CF00810D21 /* Products */;
			projectDirPath = "";
			projectRoot = "";
			targets = (
				991D344F2B8B54CF00810D21 /* InstagramCloneInSwiftUI */,
			);
		};
/* End PBXProject section */

/* Begin PBXResourcesBuildPhase section */
		991D344E2B8B54CF00810D21 /* Resources */ = {
			isa = PBXResourcesBuildPhase;
			buildActionMask = 2147483647;
			files = (
				991D345B2B8B54D100810D21 /* Preview Assets.xcassets in Resources */,
				991D34582B8B54D100810D21 /* Assets.xcassets in Resources */,
			);
			runOnlyForDeploymentPostprocessing = 0;
		};
/* End PBXResourcesBuildPhase section */

/* Begin PBXSourcesBuildPhase section */
		991D344C2B8B54CF00810D21 /* Sources */ = {
			isa = PBXSourcesBuildPhase;
			buildActionMask = 2147483647;
			files = (
				999CCF372B9F80EE005E179D /* User.swift in Sources */,
				9911345F2BC0128F0031E9B2 /* FollowAddCell.swift in Sources */,
				999CCF452B9F8233005E179D /* FeedCell.swift in Sources */,
				991134592BBC00520031E9B2 /* ProfileFeedPreView.swift in Sources */,
				9911345D2BC0116D0031E9B2 /* FollowAddView.swift in Sources */,
				991134512BB4AE6B0031E9B2 /* ShareSheetView.swift in Sources */,
				99B3473C2BA8379B00610574 /* FeedStore.swift in Sources */,
				99B3474C2BADAFE600610574 /* StoryStore.swift in Sources */,
				99B3474A2BADAF9100610574 /* Story.swift in Sources */,
				99B3473E2BA838F100610574 /* Feed.swift in Sources */,
				991134532BB4AE7C0031E9B2 /* SettingSheetView.swift in Sources */,
				999CCF432B9F81F6005E179D /* FeedView.swift in Sources */,
				991134572BBB3CA70031E9B2 /* ProfileTextView.swift in Sources */,
				999CCF3D2B9F81B8005E179D /* MainView.swift in Sources */,
				991D34642B8B552000810D21 /* LoginView.swift in Sources */,
				999CCF412B9F81E8005E179D /* StoryCell.swift in Sources */,
				9911344D2BB4AE150031E9B2 /* ProfileView.swift in Sources */,
				99B3473A2BA8370600610574 /* UserStore.swift in Sources */,
				999CCF3F2B9F81CC005E179D /* StoryView.swift in Sources */,
				991D34542B8B54CF00810D21 /* InstagramCloneInSwiftUIApp.swift in Sources */,
				99B347482BADAB1800610574 /* CustomDetent.swift in Sources */,
				991D34672B8B5C5C00810D21 /* ColorExtension.swift in Sources */,
				999CCF3B2B9F81A2005E179D /* MainTabView.swift in Sources */,
				99A3F5422BA0346D0093837C /* URLImage.swift in Sources */,
				9911345B2BBF247D0031E9B2 /* ProfileCategoryView.swift in Sources */,
				9911344F2BB4AE580031E9B2 /* CommentSheetView.swift in Sources */,
				991134552BB4AE850031E9B2 /* SaveSheetView.swift in Sources */,
			);
			runOnlyForDeploymentPostprocessing = 0;
		};
/* End PBXSourcesBuildPhase section */

/* Begin XCBuildConfiguration section */
		991D345C2B8B54D100810D21 /* Debug */ = {
			isa = XCBuildConfiguration;
			buildSettings = {
				ALWAYS_SEARCH_USER_PATHS = NO;
				ASSETCATALOG_COMPILER_GENERATE_SWIFT_ASSET_SYMBOL_EXTENSIONS = YES;
				CLANG_ANALYZER_NONNULL = YES;
				CLANG_ANALYZER_NUMBER_OBJECT_CONVERSION = YES_AGGRESSIVE;
				CLANG_CXX_LANGUAGE_STANDARD = "gnu++20";
				CLANG_ENABLE_MODULES = YES;
				CLANG_ENABLE_OBJC_ARC = YES;
				CLANG_ENABLE_OBJC_WEAK = YES;
				CLANG_WARN_BLOCK_CAPTURE_AUTORELEASING = YES;
				CLANG_WARN_BOOL_CONVERSION = YES;
				CLANG_WARN_COMMA = YES;
				CLANG_WARN_CONSTANT_CONVERSION = YES;
				CLANG_WARN_DEPRECATED_OBJC_IMPLEMENTATIONS = YES;
				CLANG_WARN_DIRECT_OBJC_ISA_USAGE = YES_ERROR;
				CLANG_WARN_DOCUMENTATION_COMMENTS = YES;
				CLANG_WARN_EMPTY_BODY = YES;
				CLANG_WARN_ENUM_CONVERSION = YES;
				CLANG_WARN_INFINITE_RECURSION = YES;
				CLANG_WARN_INT_CONVERSION = YES;
				CLANG_WARN_NON_LITERAL_NULL_CONVERSION = YES;
				CLANG_WARN_OBJC_IMPLICIT_RETAIN_SELF = YES;
				CLANG_WARN_OBJC_LITERAL_CONVERSION = YES;
				CLANG_WARN_OBJC_ROOT_CLASS = YES_ERROR;
				CLANG_WARN_QUOTED_INCLUDE_IN_FRAMEWORK_HEADER = YES;
				CLANG_WARN_RANGE_LOOP_ANALYSIS = YES;
				CLANG_WARN_STRICT_PROTOTYPES = YES;
				CLANG_WARN_SUSPICIOUS_MOVE = YES;
				CLANG_WARN_UNGUARDED_AVAILABILITY = YES_AGGRESSIVE;
				CLANG_WARN_UNREACHABLE_CODE = YES;
				CLANG_WARN__DUPLICATE_METHOD_MATCH = YES;
				COPY_PHASE_STRIP = NO;
				DEBUG_INFORMATION_FORMAT = dwarf;
				ENABLE_STRICT_OBJC_MSGSEND = YES;
				ENABLE_TESTABILITY = YES;
				ENABLE_USER_SCRIPT_SANDBOXING = YES;
				GCC_C_LANGUAGE_STANDARD = gnu17;
				GCC_DYNAMIC_NO_PIC = NO;
				GCC_NO_COMMON_BLOCKS = YES;
				GCC_OPTIMIZATION_LEVEL = 0;
				GCC_PREPROCESSOR_DEFINITIONS = (
					"DEBUG=1",
					"$(inherited)",
				);
				GCC_WARN_64_TO_32_BIT_CONVERSION = YES;
				GCC_WARN_ABOUT_RETURN_TYPE = YES_ERROR;
				GCC_WARN_UNDECLARED_SELECTOR = YES;
				GCC_WARN_UNINITIALIZED_AUTOS = YES_AGGRESSIVE;
				GCC_WARN_UNUSED_FUNCTION = YES;
				GCC_WARN_UNUSED_VARIABLE = YES;
				IPHONEOS_DEPLOYMENT_TARGET = 16.0;
				LOCALIZATION_PREFERS_STRING_CATALOGS = YES;
				MTL_ENABLE_DEBUG_INFO = INCLUDE_SOURCE;
				MTL_FAST_MATH = YES;
				ONLY_ACTIVE_ARCH = YES;
				SDKROOT = iphoneos;
				SWIFT_ACTIVE_COMPILATION_CONDITIONS = "DEBUG $(inherited)";
				SWIFT_OPTIMIZATION_LEVEL = "-Onone";
			};
			name = Debug;
		};
		991D345D2B8B54D100810D21 /* Release */ = {
			isa = XCBuildConfiguration;
			buildSettings = {
				ALWAYS_SEARCH_USER_PATHS = NO;
				ASSETCATALOG_COMPILER_GENERATE_SWIFT_ASSET_SYMBOL_EXTENSIONS = YES;
				CLANG_ANALYZER_NONNULL = YES;
				CLANG_ANALYZER_NUMBER_OBJECT_CONVERSION = YES_AGGRESSIVE;
				CLANG_CXX_LANGUAGE_STANDARD = "gnu++20";
				CLANG_ENABLE_MODULES = YES;
				CLANG_ENABLE_OBJC_ARC = YES;
				CLANG_ENABLE_OBJC_WEAK = YES;
				CLANG_WARN_BLOCK_CAPTURE_AUTORELEASING = YES;
				CLANG_WARN_BOOL_CONVERSION = YES;
				CLANG_WARN_COMMA = YES;
				CLANG_WARN_CONSTANT_CONVERSION = YES;
				CLANG_WARN_DEPRECATED_OBJC_IMPLEMENTATIONS = YES;
				CLANG_WARN_DIRECT_OBJC_ISA_USAGE = YES_ERROR;
				CLANG_WARN_DOCUMENTATION_COMMENTS = YES;
				CLANG_WARN_EMPTY_BODY = YES;
				CLANG_WARN_ENUM_CONVERSION = YES;
				CLANG_WARN_INFINITE_RECURSION = YES;
				CLANG_WARN_INT_CONVERSION = YES;
				CLANG_WARN_NON_LITERAL_NULL_CONVERSION = YES;
				CLANG_WARN_OBJC_IMPLICIT_RETAIN_SELF = YES;
				CLANG_WARN_OBJC_LITERAL_CONVERSION = YES;
				CLANG_WARN_OBJC_ROOT_CLASS = YES_ERROR;
				CLANG_WARN_QUOTED_INCLUDE_IN_FRAMEWORK_HEADER = YES;
				CLANG_WARN_RANGE_LOOP_ANALYSIS = YES;
				CLANG_WARN_STRICT_PROTOTYPES = YES;
				CLANG_WARN_SUSPICIOUS_MOVE = YES;
				CLANG_WARN_UNGUARDED_AVAILABILITY = YES_AGGRESSIVE;
				CLANG_WARN_UNREACHABLE_CODE = YES;
				CLANG_WARN__DUPLICATE_METHOD_MATCH = YES;
				COPY_PHASE_STRIP = NO;
				DEBUG_INFORMATION_FORMAT = "dwarf-with-dsym";
				ENABLE_NS_ASSERTIONS = NO;
				ENABLE_STRICT_OBJC_MSGSEND = YES;
				ENABLE_USER_SCRIPT_SANDBOXING = YES;
				GCC_C_LANGUAGE_STANDARD = gnu17;
				GCC_NO_COMMON_BLOCKS = YES;
				GCC_WARN_64_TO_32_BIT_CONVERSION = YES;
				GCC_WARN_ABOUT_RETURN_TYPE = YES_ERROR;
				GCC_WARN_UNDECLARED_SELECTOR = YES;
				GCC_WARN_UNINITIALIZED_AUTOS = YES_AGGRESSIVE;
				GCC_WARN_UNUSED_FUNCTION = YES;
				GCC_WARN_UNUSED_VARIABLE = YES;
				IPHONEOS_DEPLOYMENT_TARGET = 16.0;
				LOCALIZATION_PREFERS_STRING_CATALOGS = YES;
				MTL_ENABLE_DEBUG_INFO = NO;
				MTL_FAST_MATH = YES;
				SDKROOT = iphoneos;
				SWIFT_COMPILATION_MODE = wholemodule;
				VALIDATE_PRODUCT = YES;
			};
			name = Release;
		};
		991D345F2B8B54D100810D21 /* Debug */ = {
			isa = XCBuildConfiguration;
			buildSettings = {
				ASSETCATALOG_COMPILER_APPICON_NAME = AppIcon;
				ASSETCATALOG_COMPILER_GLOBAL_ACCENT_COLOR_NAME = AccentColor;
				CODE_SIGN_STYLE = Automatic;
				CURRENT_PROJECT_VERSION = 1;
				DEVELOPMENT_ASSET_PATHS = "\"InstagramCloneInSwiftUI/Preview Content\"";
				DEVELOPMENT_TEAM = 9XB7FH3RZ5;
				ENABLE_PREVIEWS = YES;
				GENERATE_INFOPLIST_FILE = YES;
				INFOPLIST_KEY_NSCameraUsageDescription = "This app needs to capture image to show in the app.";
				INFOPLIST_KEY_UIApplicationSceneManifest_Generation = YES;
				INFOPLIST_KEY_UIApplicationSupportsIndirectInputEvents = YES;
				INFOPLIST_KEY_UILaunchScreen_Generation = YES;
				INFOPLIST_KEY_UISupportedInterfaceOrientations_iPad = "UIInterfaceOrientationPortrait UIInterfaceOrientationPortraitUpsideDown UIInterfaceOrientationLandscapeLeft UIInterfaceOrientationLandscapeRight";
				INFOPLIST_KEY_UISupportedInterfaceOrientations_iPhone = "UIInterfaceOrientationPortrait UIInterfaceOrientationLandscapeLeft UIInterfaceOrientationLandscapeRight";
				IPHONEOS_DEPLOYMENT_TARGET = 16.0;
				LD_RUNPATH_SEARCH_PATHS = (
					"$(inherited)",
					"@executable_path/Frameworks",
				);
				MARKETING_VERSION = 1.0;
				PRODUCT_BUNDLE_IDENTIFIER = com.jeonghome.InstagramCloneInSwiftUI;
				PRODUCT_NAME = "$(TARGET_NAME)";
				SWIFT_EMIT_LOC_STRINGS = YES;
				SWIFT_VERSION = 5.0;
				TARGETED_DEVICE_FAMILY = "1,2";
			};
			name = Debug;
		};
		991D34602B8B54D100810D21 /* Release */ = {
			isa = XCBuildConfiguration;
			buildSettings = {
				ASSETCATALOG_COMPILER_APPICON_NAME = AppIcon;
				ASSETCATALOG_COMPILER_GLOBAL_ACCENT_COLOR_NAME = AccentColor;
				CODE_SIGN_STYLE = Automatic;
				CURRENT_PROJECT_VERSION = 1;
				DEVELOPMENT_ASSET_PATHS = "\"InstagramCloneInSwiftUI/Preview Content\"";
				DEVELOPMENT_TEAM = 9XB7FH3RZ5;
				ENABLE_PREVIEWS = YES;
				GENERATE_INFOPLIST_FILE = YES;
				INFOPLIST_KEY_NSCameraUsageDescription = "This app needs to capture image to show in the app.";
				INFOPLIST_KEY_UIApplicationSceneManifest_Generation = YES;
				INFOPLIST_KEY_UIApplicationSupportsIndirectInputEvents = YES;
				INFOPLIST_KEY_UILaunchScreen_Generation = YES;
				INFOPLIST_KEY_UISupportedInterfaceOrientations_iPad = "UIInterfaceOrientationPortrait UIInterfaceOrientationPortraitUpsideDown UIInterfaceOrientationLandscapeLeft UIInterfaceOrientationLandscapeRight";
				INFOPLIST_KEY_UISupportedInterfaceOrientations_iPhone = "UIInterfaceOrientationPortrait UIInterfaceOrientationLandscapeLeft UIInterfaceOrientationLandscapeRight";
				IPHONEOS_DEPLOYMENT_TARGET = 16.0;
				LD_RUNPATH_SEARCH_PATHS = (
					"$(inherited)",
					"@executable_path/Frameworks",
				);
				MARKETING_VERSION = 1.0;
				PRODUCT_BUNDLE_IDENTIFIER = com.jeonghome.InstagramCloneInSwiftUI;
				PRODUCT_NAME = "$(TARGET_NAME)";
				SWIFT_EMIT_LOC_STRINGS = YES;
				SWIFT_VERSION = 5.0;
				TARGETED_DEVICE_FAMILY = "1,2";
			};
			name = Release;
		};
/* End XCBuildConfiguration section */

/* Begin XCConfigurationList section */
		991D344B2B8B54CF00810D21 /* Build configuration list for PBXProject "InstagramCloneInSwiftUI" */ = {
			isa = XCConfigurationList;
			buildConfigurations = (
				991D345C2B8B54D100810D21 /* Debug */,
				991D345D2B8B54D100810D21 /* Release */,
			);
			defaultConfigurationIsVisible = 0;
			defaultConfigurationName = Release;
		};
		991D345E2B8B54D100810D21 /* Build configuration list for PBXNativeTarget "InstagramCloneInSwiftUI" */ = {
			isa = XCConfigurationList;
			buildConfigurations = (
				991D345F2B8B54D100810D21 /* Debug */,
				991D34602B8B54D100810D21 /* Release */,
			);
			defaultConfigurationIsVisible = 0;
			defaultConfigurationName = Release;
		};
/* End XCConfigurationList section */

/* Begin XCRemoteSwiftPackageReference section */
		991134422BB41BBC0031E9B2 /* XCRemoteSwiftPackageReference "BriefPagingControl" */ = {
			isa = XCRemoteSwiftPackageReference;
			repositoryURL = "https://github.com/tkarlz/BriefPagingControl.git";
			requirement = {
				kind = upToNextMajorVersion;
				minimumVersion = 1.0.1;
			};
		};
		99A3F53E2BA034410093837C /* XCRemoteSwiftPackageReference "Kingfisher" */ = {
			isa = XCRemoteSwiftPackageReference;
			repositoryURL = "https://github.com/onevcat/Kingfisher.git";
			requirement = {
				kind = upToNextMajorVersion;
				minimumVersion = 7.0.0;
			};
		};
/* End XCRemoteSwiftPackageReference section */

/* Begin XCSwiftPackageProductDependency section */
		991134432BB41BBC0031E9B2 /* BriefPagingControl */ = {
			isa = XCSwiftPackageProductDependency;
			package = 991134422BB41BBC0031E9B2 /* XCRemoteSwiftPackageReference "BriefPagingControl" */;
			productName = BriefPagingControl;
		};
		99A3F53F2BA034410093837C /* Kingfisher */ = {
			isa = XCSwiftPackageProductDependency;
			package = 99A3F53E2BA034410093837C /* XCRemoteSwiftPackageReference "Kingfisher" */;
			productName = Kingfisher;
		};
/* End XCSwiftPackageProductDependency section */
	};
	rootObject = 991D34482B8B54CF00810D21 /* Project object */;
}
